
Microsoft Visual Studio Solution File, Format Version 12.00
# Visual Studio Version 16
VisualStudioVersion = 16.0.30503.244
MinimumVisualStudioVersion = 10.0.40219.1
Project("{9A19103F-16F7-4668-BE54-9A1E7A4F7556}") = "Nano.Net", "Nano.Net\Nano.Net.csproj", "{8F8C42D8-B581-485E-B90F-AFEDDD1F97FA}"
EndProject
Global
	GlobalSection(SolutionConfigurationPlatforms) = preSolution
		Debug|Any CPU = Debug|Any CPU
		Release|Any CPU = Release|Any CPU
	EndGlobalSection
	GlobalSection(ProjectConfigurationPlatforms) = postSolution
		{8F8C42D8-B581-485E-B90F-AFEDDD1F97FA}.Debug|Any CPU.ActiveCfg = Debug|Any CPU
		{8F8C42D8-B581-485E-B90F-AFEDDD1F97FA}.Debug|Any CPU.Build.0 = Debug|Any CPU
		{8F8C42D8-B581-485E-B90F-AFEDDD1F97FA}.Release|Any CPU.ActiveCfg = Release|Any CPU
		{8F8C42D8-B581-485E-B90F-AFEDDD1F97FA}.Release|Any CPU.Build.0 = Release|Any CPU
	EndGlobalSection
	GlobalSection(SolutionProperties) = preSolution
		HideSolutionNode = FALSE
	EndGlobalSection
	GlobalSection(ExtensibilityGlobals) = postSolution
		SolutionGuid = {D6256C16-F375-49A0-BDCA-5557B06E041C}
	EndGlobalSection
EndGlobal
